
Microsoft Visual Studio Solution File, Format Version 12.00
# Visual Studio Version 16
VisualStudioVersion = 16.0.30907.101
MinimumVisualStudioVersion = 10.0.40219.1
Project("{9A19103F-16F7-4668-BE54-9A1E7A4F7556}") = "MyMate_Module", "MyMate_Module\MyMate_Module.csproj", "{77E1DB11-5804-4644-B2B1-B2D398FB54A0}"
EndProject
Project("{FAE04EC0-301F-11D3-BF4B-00C04F79EFBC}") = "ServerModule", "ServerModule\ServerModule.csproj", "{B8778D56-2111-4590-8DF2-7581CAA73F6F}"
EndProject
Project("{FAE04EC0-301F-11D3-BF4B-00C04F79EFBC}") = "ClientModule", "ClientModule\ClientModule.csproj", "{2B62AD8E-747E-433B-9BE1-1C542A0B2FBA}"
EndProject
Global
	GlobalSection(SolutionConfigurationPlatforms) = preSolution
		Debug|Any CPU = Debug|Any CPU
		Release|Any CPU = Release|Any CPU
	EndGlobalSection
	GlobalSection(ProjectConfigurationPlatforms) = postSolution
		{77E1DB11-5804-4644-B2B1-B2D398FB54A0}.Debug|Any CPU.ActiveCfg = Debug|Any CPU
		{77E1DB11-5804-4644-B2B1-B2D398FB54A0}.Debug|Any CPU.Build.0 = Debug|Any CPU
		{77E1DB11-5804-4644-B2B1-B2D398FB54A0}.Release|Any CPU.ActiveCfg = Release|Any CPU
		{77E1DB11-5804-4644-B2B1-B2D398FB54A0}.Release|Any CPU.Build.0 = Release|Any CPU
		{B8778D56-2111-4590-8DF2-7581CAA73F6F}.Debug|Any CPU.ActiveCfg = Debug|Any CPU
		{B8778D56-2111-4590-8DF2-7581CAA73F6F}.Debug|Any CPU.Build.0 = Debug|Any CPU
		{B8778D56-2111-4590-8DF2-7581CAA73F6F}.Release|Any CPU.ActiveCfg = Release|Any CPU
		{B8778D56-2111-4590-8DF2-7581CAA73F6F}.Release|Any CPU.Build.0 = Release|Any CPU
		{2B62AD8E-747E-433B-9BE1-1C542A0B2FBA}.Debug|Any CPU.ActiveCfg = Debug|Any CPU
		{2B62AD8E-747E-433B-9BE1-1C542A0B2FBA}.Debug|Any CPU.Build.0 = Debug|Any CPU
		{2B62AD8E-747E-433B-9BE1-1C542A0B2FBA}.Release|Any CPU.ActiveCfg = Release|Any CPU
		{2B62AD8E-747E-433B-9BE1-1C542A0B2FBA}.Release|Any CPU.Build.0 = Release|Any CPU
	EndGlobalSection
	GlobalSection(SolutionProperties) = preSolution
		HideSolutionNode = FALSE
	EndGlobalSection
	GlobalSection(ExtensibilityGlobals) = postSolution
		SolutionGuid = {7F015EF7-A99C-4239-8616-8DB65EEDE053}
	EndGlobalSection
EndGlobal
