
Microsoft Visual Studio Solution File, Format Version 12.00
# Visual Studio Version 16
VisualStudioVersion = 16.0.30907.101
MinimumVisualStudioVersion = 10.0.40219.1
Project("{FAE04EC0-301F-11D3-BF4B-00C04F79EFBC}") = "Login", "Login\Login.csproj", "{3B11B263-4405-4FB2-9163-59ADE04D554A}"
EndProject
Global
	GlobalSection(SolutionConfigurationPlatforms) = preSolution
		Debug|Any CPU = Debug|Any CPU
		Release|Any CPU = Release|Any CPU
	EndGlobalSection
	GlobalSection(ProjectConfigurationPlatforms) = postSolution
		{3B11B263-4405-4FB2-9163-59ADE04D554A}.Debug|Any CPU.ActiveCfg = Debug|Any CPU
		{3B11B263-4405-4FB2-9163-59ADE04D554A}.Debug|Any CPU.Build.0 = Debug|Any CPU
		{3B11B263-4405-4FB2-9163-59ADE04D554A}.Release|Any CPU.ActiveCfg = Release|Any CPU
		{3B11B263-4405-4FB2-9163-59ADE04D554A}.Release|Any CPU.Build.0 = Release|Any CPU
	EndGlobalSection
	GlobalSection(SolutionProperties) = preSolution
		HideSolutionNode = FALSE
	EndGlobalSection
	GlobalSection(ExtensibilityGlobals) = postSolution
		SolutionGuid = {58BD58FF-8FA7-4AFF-8D0A-0EE194700B8E}
	EndGlobalSection
EndGlobal
