
Microsoft Visual Studio Solution File, Format Version 12.00
# Visual Studio Version 16
VisualStudioVersion = 16.0.30320.27
MinimumVisualStudioVersion = 10.0.40219.1
Project("{FAE04EC0-301F-11D3-BF4B-00C04F79EFBC}") = "UserProfile", "UserProfile\UserProfile.csproj", "{9090B8D1-353F-467E-BA68-D42079CA8E94}"
EndProject
Project("{FAE04EC0-301F-11D3-BF4B-00C04F79EFBC}") = "CallAndChat", "CallAndChat\CallAndChat.csproj", "{D333C42A-E3B4-4DB2-B7FB-CB3D91EF10BE}"
EndProject
Global
	GlobalSection(SolutionConfigurationPlatforms) = preSolution
		Debug|Any CPU = Debug|Any CPU
		Release|Any CPU = Release|Any CPU
	EndGlobalSection
	GlobalSection(ProjectConfigurationPlatforms) = postSolution
		{9090B8D1-353F-467E-BA68-D42079CA8E94}.Debug|Any CPU.ActiveCfg = Debug|Any CPU
		{9090B8D1-353F-467E-BA68-D42079CA8E94}.Debug|Any CPU.Build.0 = Debug|Any CPU
		{9090B8D1-353F-467E-BA68-D42079CA8E94}.Release|Any CPU.ActiveCfg = Release|Any CPU
		{9090B8D1-353F-467E-BA68-D42079CA8E94}.Release|Any CPU.Build.0 = Release|Any CPU
		{D333C42A-E3B4-4DB2-B7FB-CB3D91EF10BE}.Debug|Any CPU.ActiveCfg = Debug|Any CPU
		{D333C42A-E3B4-4DB2-B7FB-CB3D91EF10BE}.Debug|Any CPU.Build.0 = Debug|Any CPU
		{D333C42A-E3B4-4DB2-B7FB-CB3D91EF10BE}.Release|Any CPU.ActiveCfg = Release|Any CPU
		{D333C42A-E3B4-4DB2-B7FB-CB3D91EF10BE}.Release|Any CPU.Build.0 = Release|Any CPU
	EndGlobalSection
	GlobalSection(SolutionProperties) = preSolution
		HideSolutionNode = FALSE
	EndGlobalSection
	GlobalSection(ExtensibilityGlobals) = postSolution
		SolutionGuid = {B3E4D07B-E9F3-4FAA-B068-FE5364BCEFEC}
	EndGlobalSection
EndGlobal
