
Microsoft Visual Studio Solution File, Format Version 12.00
# Visual Studio Version 16
VisualStudioVersion = 16.0.32126.315
MinimumVisualStudioVersion = 10.0.40219.1
Project("{FAE04EC0-301F-11D3-BF4B-00C04F79EFBC}") = "GroupChat", "GroupChat\GroupChat.csproj", "{04869EAC-CDB3-4570-BA25-69198AD10337}"
EndProject
Global
	GlobalSection(SolutionConfigurationPlatforms) = preSolution
		Debug|Any CPU = Debug|Any CPU
		Release|Any CPU = Release|Any CPU
	EndGlobalSection
	GlobalSection(ProjectConfigurationPlatforms) = postSolution
		{04869EAC-CDB3-4570-BA25-69198AD10337}.Debug|Any CPU.ActiveCfg = Debug|Any CPU
		{04869EAC-CDB3-4570-BA25-69198AD10337}.Debug|Any CPU.Build.0 = Debug|Any CPU
		{04869EAC-CDB3-4570-BA25-69198AD10337}.Release|Any CPU.ActiveCfg = Release|Any CPU
		{04869EAC-CDB3-4570-BA25-69198AD10337}.Release|Any CPU.Build.0 = Release|Any CPU
	EndGlobalSection
	GlobalSection(SolutionProperties) = preSolution
		HideSolutionNode = FALSE
	EndGlobalSection
	GlobalSection(ExtensibilityGlobals) = postSolution
		SolutionGuid = {3368B13B-D467-4A80-A7D6-A188F7D9EAE1}
	EndGlobalSection
EndGlobal
