
Microsoft Visual Studio Solution File, Format Version 12.00
# Visual Studio Version 16
VisualStudioVersion = 16.0.32126.315
MinimumVisualStudioVersion = 10.0.40219.1
Project("{FAE04EC0-301F-11D3-BF4B-00C04F79EFBC}") = "Main", "Main\Main.csproj", "{D59E9EEF-105F-4BFA-B8E3-B715FB0171CC}"
EndProject
Global
	GlobalSection(SolutionConfigurationPlatforms) = preSolution
		Debug|Any CPU = Debug|Any CPU
		Release|Any CPU = Release|Any CPU
	EndGlobalSection
	GlobalSection(ProjectConfigurationPlatforms) = postSolution
		{D59E9EEF-105F-4BFA-B8E3-B715FB0171CC}.Debug|Any CPU.ActiveCfg = Debug|Any CPU
		{D59E9EEF-105F-4BFA-B8E3-B715FB0171CC}.Debug|Any CPU.Build.0 = Debug|Any CPU
		{D59E9EEF-105F-4BFA-B8E3-B715FB0171CC}.Release|Any CPU.ActiveCfg = Release|Any CPU
		{D59E9EEF-105F-4BFA-B8E3-B715FB0171CC}.Release|Any CPU.Build.0 = Release|Any CPU
	EndGlobalSection
	GlobalSection(SolutionProperties) = preSolution
		HideSolutionNode = FALSE
	EndGlobalSection
	GlobalSection(ExtensibilityGlobals) = postSolution
		SolutionGuid = {3496EB16-2C4F-4D2B-B63C-0F785B94BA12}
	EndGlobalSection
EndGlobal
